
Microsoft Visual Studio Solution File, Format Version 12.00
# Visual Studio Version 17
VisualStudioVersion = 17.11.35327.3
MinimumVisualStudioVersion = 10.0.40219.1
Project("{FAE04EC0-301F-11D3-BF4B-00C04F79EFBC}") = "GestionDeTareas", "GestionDeTareas\GestionDeTareas.csproj", "{A3A6CA7D-7B97-4788-85E4-55C35E49A80E}"
EndProject
Global
	GlobalSection(SolutionConfigurationPlatforms) = preSolution
		Debug|Any CPU = Debug|Any CPU
		Release|Any CPU = Release|Any CPU
	EndGlobalSection
	GlobalSection(ProjectConfigurationPlatforms) = postSolution
		{A3A6CA7D-7B97-4788-85E4-55C35E49A80E}.Debug|Any CPU.ActiveCfg = Debug|Any CPU
		{A3A6CA7D-7B97-4788-85E4-55C35E49A80E}.Debug|Any CPU.Build.0 = Debug|Any CPU
		{A3A6CA7D-7B97-4788-85E4-55C35E49A80E}.Release|Any CPU.ActiveCfg = Release|Any CPU
		{A3A6CA7D-7B97-4788-85E4-55C35E49A80E}.Release|Any CPU.Build.0 = Release|Any CPU
	EndGlobalSection
	GlobalSection(SolutionProperties) = preSolution
		HideSolutionNode = FALSE
	EndGlobalSection
	GlobalSection(ExtensibilityGlobals) = postSolution
		SolutionGuid = {82B38CCF-AA89-4792-8021-0CD0E9F04847}
	EndGlobalSection
EndGlobal
